// !$*UTF8*$!
{
	archiveVersion = 1;
	classes = {
	};
	objectVersion = 48;
	objects = {

/* Begin PBXBuildFile section */
		422A21292019862E00B26BAA /* main.m in Sources */ = {isa = PBXBuildFile; fileRef = 422A21282019862E00B26BAA /* main.m */; };
		422A21392019873B00B26BAA /* Tire.m in Sources */ = {isa = PBXBuildFile; fileRef = 422A21382019873B00B26BAA /* Tire.m */; };
		422A213C201987BD00B26BAA /* Engine.m in Sources */ = {isa = PBXBuildFile; fileRef = 422A213B201987BD00B26BAA /* Engine.m */; };
		422A213F2019888700B26BAA /* Car.m in Sources */ = {isa = PBXBuildFile; fileRef = 422A213E2019888700B26BAA /* Car.m */; };
		4232F99A2019905C006BEEA6 /* Slant6.m in Sources */ = {isa = PBXBuildFile; fileRef = 4232F9992019905C006BEEA6 /* Slant6.m */; };
		4232F99D201990CF006BEEA6 /* AllWeatherRadial.m in Sources */ = {isa = PBXBuildFile; fileRef = 4232F99C201990CF006BEEA6 /* AllWeatherRadial.m */; };
/* End PBXBuildFile section */

/* Begin PBXCopyFilesBuildPhase section */
		422A21232019862E00B26BAA /* CopyFiles */ = {
			isa = PBXCopyFilesBuildPhase;
			buildActionMask = 2147483647;
			dstPath = /usr/share/man/man1/;
			dstSubfolderSpec = 0;
			files = (
			);
			runOnlyForDeploymentPostprocessing = 1;
		};
/* End PBXCopyFilesBuildPhase section */

/* Begin PBXFileReference section */
		422A21252019862E00B26BAA /* CarParts-Split */ = {isa = PBXFileReference; explicitFileType = "compiled.mach-o.executable"; includeInIndex = 0; path = "CarParts-Split"; sourceTree = BUILT_PRODUCTS_DIR; };
		422A21282019862E00B26BAA /* main.m */ = {isa = PBXFileReference; lastKnownFileType = sourcecode.c.objc; path = main.m; sourceTree = "<group>"; };
		422A21372019873B00B26BAA /* Tire.h */ = {isa = PBXFileReference; lastKnownFileType = sourcecode.c.h; path = Tire.h; sourceTree = "<group>"; };
		422A21382019873B00B26BAA /* Tire.m */ = {isa = PBXFileReference; lastKnownFileType = sourcecode.c.objc; path = Tire.m; sourceTree = "<group>"; };
		422A213A201987BD00B26BAA /* Engine.h */ = {isa = PBXFileReference; lastKnownFileType = sourcecode.c.h; path = Engine.h; sourceTree = "<group>"; };
		422A213B201987BD00B26BAA /* Engine.m */ = {isa = PBXFileReference; lastKnownFileType = sourcecode.c.objc; path = Engine.m; sourceTree = "<group>"; };
		422A213D2019888700B26BAA /* Car.h */ = {isa = PBXFileReference; lastKnownFileType = sourcecode.c.h; path = Car.h; sourceTree = "<group>"; };
		422A213E2019888700B26BAA /* Car.m */ = {isa = PBXFileReference; lastKnownFileType = sourcecode.c.objc; path = Car.m; sourceTree = "<group>"; };
		4232F9982019905C006BEEA6 /* Slant6.h */ = {isa = PBXFileReference; lastKnownFileType = sourcecode.c.h; path = Slant6.h; sourceTree = "<group>"; };
		4232F9992019905C006BEEA6 /* Slant6.m */ = {isa = PBXFileReference; lastKnownFileType = sourcecode.c.objc; path = Slant6.m; sourceTree = "<group>"; };
		4232F99B201990CF006BEEA6 /* AllWeatherRadial.h */ = {isa = PBXFileReference; lastKnownFileType = sourcecode.c.h; path = AllWeatherRadial.h; sourceTree = "<group>"; };
		4232F99C201990CF006BEEA6 /* AllWeatherRadial.m */ = {isa = PBXFileReference; lastKnownFileType = sourcecode.c.objc; path = AllWeatherRadial.m; sourceTree = "<group>"; };
/* End PBXFileReference section */

/* Begin PBXFrameworksBuildPhase section */
		422A21222019862E00B26BAA /* Frameworks */ = {
			isa = PBXFrameworksBuildPhase;
			buildActionMask = 2147483647;
			files = (
			);
			runOnlyForDeploymentPostprocessing = 0;
		};
/* End PBXFrameworksBuildPhase section */

/* Begin PBXGroup section */
		422A211C2019862E00B26BAA = {
			isa = PBXGroup;
			children = (
				422A21272019862E00B26BAA /* CarParts-Split */,
				422A21262019862E00B26BAA /* Products */,
			);
			sourceTree = "<group>";
		};
		422A21262019862E00B26BAA /* Products */ = {
			isa = PBXGroup;
			children = (
				422A21252019862E00B26BAA /* CarParts-Split */,
			);
			name = Products;
			sourceTree = "<group>";
		};
		422A21272019862E00B26BAA /* CarParts-Split */ = {
			isa = PBXGroup;
			children = (
				422A21282019862E00B26BAA /* main.m */,
				422A21372019873B00B26BAA /* Tire.h */,
				422A21382019873B00B26BAA /* Tire.m */,
				422A213A201987BD00B26BAA /* Engine.h */,
				422A213B201987BD00B26BAA /* Engine.m */,
				422A213D2019888700B26BAA /* Car.h */,
				422A213E2019888700B26BAA /* Car.m */,
				4232F9982019905C006BEEA6 /* Slant6.h */,
				4232F9992019905C006BEEA6 /* Slant6.m */,
				4232F99B201990CF006BEEA6 /* AllWeatherRadial.h */,
				4232F99C201990CF006BEEA6 /* AllWeatherRadial.m */,
			);
			path = "CarParts-Split";
			sourceTree = "<group>";
		};
/* End PBXGroup section */

/* Begin PBXNativeTarget section */
		422A21242019862E00B26BAA /* CarParts-Split */ = {
			isa = PBXNativeTarget;
			buildConfigurationList = 422A212C2019862E00B26BAA /* Build configuration list for PBXNativeTarget "CarParts-Split" */;
			buildPhases = (
				422A21212019862E00B26BAA /* Sources */,
				422A21222019862E00B26BAA /* Frameworks */,
				422A21232019862E00B26BAA /* CopyFiles */,
			);
			buildRules = (
			);
			dependencies = (
			);
			name = "CarParts-Split";
			productName = "CarParts-Split";
			productReference = 422A21252019862E00B26BAA /* CarParts-Split */;
			productType = "com.apple.product-type.tool";
		};
/* End PBXNativeTarget section */

/* Begin PBXProject section */
		422A211D2019862E00B26BAA /* Project object */ = {
			isa = PBXProject;
			attributes = {
				LastUpgradeCheck = 0920;
				ORGANIZATIONNAME = "SouthWest University-yukun";
				TargetAttributes = {
					422A21242019862E00B26BAA = {
						CreatedOnToolsVersion = 9.2;
						ProvisioningStyle = Automatic;
					};
				};
			};
			buildConfigurationList = 422A21202019862E00B26BAA /* Build configuration list for PBXProject "CarParts-Split" */;
			compatibilityVersion = "Xcode 8.0";
			developmentRegion = en;
			hasScannedForEncodings = 0;
			knownRegions = (
				en,
			);
			mainGroup = 422A211C2019862E00B26BAA;
			productRefGroup = 422A21262019862E00B26BAA /* Products */;
			projectDirPath = "";
			projectRoot = "";
			targets = (
				422A21242019862E00B26BAA /* CarParts-Split */,
			);
		};
/* End PBXProject section */

/* Begin PBXSourcesBuildPhase section */
		422A21212019862E00B26BAA /* Sources */ = {
			isa = PBXSourcesBuildPhase;
			buildActionMask = 2147483647;
			files = (
				422A21292019862E00B26BAA /* main.m in Sources */,
				422A21392019873B00B26BAA /* Tire.m in Sources */,
				422A213F2019888700B26BAA /* Car.m in Sources */,
				422A213C201987BD00B26BAA /* Engine.m in Sources */,
				4232F99A2019905C006BEEA6 /* Slant6.m in Sources */,
				4232F99D201990CF006BEEA6 /* AllWeatherRadial.m in Sources */,
			);
			runOnlyForDeploymentPostprocessing = 0;
		};
/* End PBXSourcesBuildPhase section */

/* Begin XCBuildConfiguration section */
		422A212A2019862E00B26BAA /* Debug */ = {
			isa = XCBuildConfiguration;
			buildSettings = {
				ALWAYS_SEARCH_USER_PATHS = NO;
				CLANG_ANALYZER_NONNULL = YES;
				CLANG_ANALYZER_NUMBER_OBJECT_CONVERSION = YES_AGGRESSIVE;
				CLANG_CXX_LANGUAGE_STANDARD = "gnu++14";
				CLANG_CXX_LIBRARY = "libc++";
				CLANG_ENABLE_MODULES = YES;
				CLANG_ENABLE_OBJC_ARC = YES;
				CLANG_WARN_BLOCK_CAPTURE_AUTORELEASING = YES;
				CLANG_WARN_BOOL_CONVERSION = YES;
				CLANG_WARN_COMMA = YES;
				CLANG_WARN_CONSTANT_CONVERSION = YES;
				CLANG_WARN_DIRECT_OBJC_ISA_USAGE = YES_ERROR;
				CLANG_WARN_DOCUMENTATION_COMMENTS = YES;
				CLANG_WARN_EMPTY_BODY = YES;
				CLANG_WARN_ENUM_CONVERSION = YES;
				CLANG_WARN_INFINITE_RECURSION = YES;
				CLANG_WARN_INT_CONVERSION = YES;
				CLANG_WARN_NON_LITERAL_NULL_CONVERSION = YES;
				CLANG_WARN_OBJC_LITERAL_CONVERSION = YES;
				CLANG_WARN_OBJC_ROOT_CLASS = YES_ERROR;
				CLANG_WARN_RANGE_LOOP_ANALYSIS = YES;
				CLANG_WARN_STRICT_PROTOTYPES = YES;
				CLANG_WARN_SUSPICIOUS_MOVE = YES;
				CLANG_WARN_UNGUARDED_AVAILABILITY = YES_AGGRESSIVE;
				CLANG_WARN_UNREACHABLE_CODE = YES;
				CLANG_WARN__DUPLICATE_METHOD_MATCH = YES;
				CODE_SIGN_IDENTITY = "Mac Developer";
				COPY_PHASE_STRIP = NO;
				DEBUG_INFORMATION_FORMAT = dwarf;
				ENABLE_STRICT_OBJC_MSGSEND = YES;
				ENABLE_TESTABILITY = YES;
				GCC_C_LANGUAGE_STANDARD = gnu11;
				GCC_DYNAMIC_NO_PIC = NO;
				GCC_NO_COMMON_BLOCKS = YES;
				GCC_OPTIMIZATION_LEVEL = 0;
				GCC_PREPROCESSOR_DEFINITIONS = (
					"DEBUG=1",
					"$(inherited)",
				);
				GCC_WARN_64_TO_32_BIT_CONVERSION = YES;
				GCC_WARN_ABOUT_RETURN_TYPE = YES_ERROR;
				GCC_WARN_UNDECLARED_SELECTOR = YES;
				GCC_WARN_UNINITIALIZED_AUTOS = YES_AGGRESSIVE;
				GCC_WARN_UNUSED_FUNCTION = YES;
				GCC_WARN_UNUSED_VARIABLE = YES;
				MACOSX_DEPLOYMENT_TARGET = 10.13;
				MTL_ENABLE_DEBUG_INFO = YES;
				ONLY_ACTIVE_ARCH = YES;
				SDKROOT = macosx;
			};
			name = Debug;
		};
		422A212B2019862E00B26BAA /* Release */ = {
			isa = XCBuildConfiguration;
			buildSettings = {
				ALWAYS_SEARCH_USER_PATHS = NO;
				CLANG_ANALYZER_NONNULL = YES;
				CLANG_ANALYZER_NUMBER_OBJECT_CONVERSION = YES_AGGRESSIVE;
				CLANG_CXX_LANGUAGE_STANDARD = "gnu++14";
				CLANG_CXX_LIBRARY = "libc++";
				CLANG_ENABLE_MODULES = YES;
				CLANG_ENABLE_OBJC_ARC = YES;
				CLANG_WARN_BLOCK_CAPTURE_AUTORELEASING = YES;
				CLANG_WARN_BOOL_CONVERSION = YES;
				CLANG_WARN_COMMA = YES;
				CLANG_WARN_CONSTANT_CONVERSION = YES;
				CLANG_WARN_DIRECT_OBJC_ISA_USAGE = YES_ERROR;
				CLANG_WARN_DOCUMENTATION_COMMENTS = YES;
				CLANG_WARN_EMPTY_BODY = YES;
				CLANG_WARN_ENUM_CONVERSION = YES;
				CLANG_WARN_INFINITE_RECURSION = YES;
				CLANG_WARN_INT_CONVERSION = YES;
				CLANG_WARN_NON_LITERAL_NULL_CONVERSION = YES;
				CLANG_WARN_OBJC_LITERAL_CONVERSION = YES;
				CLANG_WARN_OBJC_ROOT_CLASS = YES_ERROR;
				CLANG_WARN_RANGE_LOOP_ANALYSIS = YES;
				CLANG_WARN_STRICT_PROTOTYPES = YES;
				CLANG_WARN_SUSPICIOUS_MOVE = YES;
				CLANG_WARN_UNGUARDED_AVAILABILITY = YES_AGGRESSIVE;
				CLANG_WARN_UNREACHABLE_CODE = YES;
				CLANG_WARN__DUPLICATE_METHOD_MATCH = YES;
				CODE_SIGN_IDENTITY = "Mac Developer";
				COPY_PHASE_STRIP = NO;
				DEBUG_INFORMATION_FORMAT = "dwarf-with-dsym";
				ENABLE_NS_ASSERTIONS = NO;
				ENABLE_STRICT_OBJC_MSGSEND = YES;
				GCC_C_LANGUAGE_STANDARD = gnu11;
				GCC_NO_COMMON_BLOCKS = YES;
				GCC_WARN_64_TO_32_BIT_CONVERSION = YES;
				GCC_WARN_ABOUT_RETURN_TYPE = YES_ERROR;
				GCC_WARN_UNDECLARED_SELECTOR = YES;
				GCC_WARN_UNINITIALIZED_AUTOS = YES_AGGRESSIVE;
				GCC_WARN_UNUSED_FUNCTION = YES;
				GCC_WARN_UNUSED_VARIABLE = YES;
				MACOSX_DEPLOYMENT_TARGET = 10.13;
				MTL_ENABLE_DEBUG_INFO = NO;
				SDKROOT = macosx;
			};
			name = Release;
		};
		422A212D2019862E00B26BAA /* Debug */ = {
			isa = XCBuildConfiguration;
			buildSettings = {
				CLANG_ENABLE_OBJC_ARC = NO;
				CODE_SIGN_STYLE = Automatic;
				DEVELOPMENT_TEAM = HLHREAEH5Q;
				PRODUCT_NAME = "$(TARGET_NAME)";
			};
			name = Debug;
		};
		422A212E2019862E00B26BAA /* Release */ = {
			isa = XCBuildConfiguration;
			buildSettings = {
				CLANG_ENABLE_OBJC_ARC = NO;
				CODE_SIGN_STYLE = Automatic;
				DEVELOPMENT_TEAM = HLHREAEH5Q;
				PRODUCT_NAME = "$(TARGET_NAME)";
			};
			name = Release;
		};
/* End XCBuildConfiguration section */

/* Begin XCConfigurationList section */
		422A21202019862E00B26BAA /* Build configuration list for PBXProject "CarParts-Split" */ = {
			isa = XCConfigurationList;
			buildConfigurations = (
				422A212A2019862E00B26BAA /* Debug */,
				422A212B2019862E00B26BAA /* Release */,
			);
			defaultConfigurationIsVisible = 0;
			defaultConfigurationName = Release;
		};
		422A212C2019862E00B26BAA /* Build configuration list for PBXNativeTarget "CarParts-Split" */ = {
			isa = XCConfigurationList;
			buildConfigurations = (
				422A212D2019862E00B26BAA /* Debug */,
				422A212E2019862E00B26BAA /* Release */,
			);
			defaultConfigurationIsVisible = 0;
			defaultConfigurationName = Release;
		};
/* End XCConfigurationList section */
	};
	rootObject = 422A211D2019862E00B26BAA /* Project object */;
}
