// !$*UTF8*$!
{
	archiveVersion = 1;
	classes = {
	};
	objectVersion = 48;
	objects = {

/* Begin PBXBuildFile section */
		422F17C8201C6B6F00811946 /* main.m in Sources */ = {isa = PBXBuildFile; fileRef = 422F17C7201C6B6F00811946 /* main.m */; };
		42449AAA201F3E9F00486A9D /* Tire.m in Sources */ = {isa = PBXBuildFile; fileRef = 42449AA9201F3E9F00486A9D /* Tire.m */; };
/* End PBXBuildFile section */

/* Begin PBXCopyFilesBuildPhase section */
		422F17C2201C6B6F00811946 /* CopyFiles */ = {
			isa = PBXCopyFilesBuildPhase;
			buildActionMask = 2147483647;
			dstPath = /usr/share/man/man1/;
			dstSubfolderSpec = 0;
			files = (
			);
			runOnlyForDeploymentPostprocessing = 1;
		};
/* End PBXCopyFilesBuildPhase section */

/* Begin PBXFileReference section */
		422F17C4201C6B6F00811946 /* Foundation Kit */ = {isa = PBXFileReference; explicitFileType = "compiled.mach-o.executable"; includeInIndex = 0; path = "Foundation Kit"; sourceTree = BUILT_PRODUCTS_DIR; };
		422F17C7201C6B6F00811946 /* main.m */ = {isa = PBXFileReference; lastKnownFileType = sourcecode.c.objc; path = main.m; sourceTree = "<group>"; };
		42449AA8201F3E9F00486A9D /* Tire.h */ = {isa = PBXFileReference; lastKnownFileType = sourcecode.c.h; path = Tire.h; sourceTree = "<group>"; };
		42449AA9201F3E9F00486A9D /* Tire.m */ = {isa = PBXFileReference; lastKnownFileType = sourcecode.c.objc; path = Tire.m; sourceTree = "<group>"; };
/* End PBXFileReference section */

/* Begin PBXFrameworksBuildPhase section */
		422F17C1201C6B6F00811946 /* Frameworks */ = {
			isa = PBXFrameworksBuildPhase;
			buildActionMask = 2147483647;
			files = (
			);
			runOnlyForDeploymentPostprocessing = 0;
		};
/* End PBXFrameworksBuildPhase section */

/* Begin PBXGroup section */
		422F17BB201C6B6F00811946 = {
			isa = PBXGroup;
			children = (
				422F17C6201C6B6F00811946 /* Foundation Kit */,
				422F17C5201C6B6F00811946 /* Products */,
			);
			sourceTree = "<group>";
		};
		422F17C5201C6B6F00811946 /* Products */ = {
			isa = PBXGroup;
			children = (
				422F17C4201C6B6F00811946 /* Foundation Kit */,
			);
			name = Products;
			sourceTree = "<group>";
		};
		422F17C6201C6B6F00811946 /* Foundation Kit */ = {
			isa = PBXGroup;
			children = (
				422F17C7201C6B6F00811946 /* main.m */,
				42449AA8201F3E9F00486A9D /* Tire.h */,
				42449AA9201F3E9F00486A9D /* Tire.m */,
			);
			path = "Foundation Kit";
			sourceTree = "<group>";
		};
/* End PBXGroup section */

/* Begin PBXNativeTarget section */
		422F17C3201C6B6F00811946 /* Foundation Kit */ = {
			isa = PBXNativeTarget;
			buildConfigurationList = 422F17CB201C6B6F00811946 /* Build configuration list for PBXNativeTarget "Foundation Kit" */;
			buildPhases = (
				422F17C0201C6B6F00811946 /* Sources */,
				422F17C1201C6B6F00811946 /* Frameworks */,
				422F17C2201C6B6F00811946 /* CopyFiles */,
			);
			buildRules = (
			);
			dependencies = (
			);
			name = "Foundation Kit";
			productName = "Foundation Kit";
			productReference = 422F17C4201C6B6F00811946 /* Foundation Kit */;
			productType = "com.apple.product-type.tool";
		};
/* End PBXNativeTarget section */

/* Begin PBXProject section */
		422F17BC201C6B6F00811946 /* Project object */ = {
			isa = PBXProject;
			attributes = {
				LastUpgradeCheck = 0920;
				ORGANIZATIONNAME = "SouthWest University-yukun";
				TargetAttributes = {
					422F17C3201C6B6F00811946 = {
						CreatedOnToolsVersion = 9.2;
						ProvisioningStyle = Automatic;
					};
				};
			};
			buildConfigurationList = 422F17BF201C6B6F00811946 /* Build configuration list for PBXProject "Foundation Kit" */;
			compatibilityVersion = "Xcode 8.0";
			developmentRegion = en;
			hasScannedForEncodings = 0;
			knownRegions = (
				en,
			);
			mainGroup = 422F17BB201C6B6F00811946;
			productRefGroup = 422F17C5201C6B6F00811946 /* Products */;
			projectDirPath = "";
			projectRoot = "";
			targets = (
				422F17C3201C6B6F00811946 /* Foundation Kit */,
			);
		};
/* End PBXProject section */

/* Begin PBXSourcesBuildPhase section */
		422F17C0201C6B6F00811946 /* Sources */ = {
			isa = PBXSourcesBuildPhase;
			buildActionMask = 2147483647;
			files = (
				422F17C8201C6B6F00811946 /* main.m in Sources */,
				42449AAA201F3E9F00486A9D /* Tire.m in Sources */,
			);
			runOnlyForDeploymentPostprocessing = 0;
		};
/* End PBXSourcesBuildPhase section */

/* Begin XCBuildConfiguration section */
		422F17C9201C6B6F00811946 /* Debug */ = {
			isa = XCBuildConfiguration;
			buildSettings = {
				ALWAYS_SEARCH_USER_PATHS = NO;
				CLANG_ANALYZER_NONNULL = YES;
				CLANG_ANALYZER_NUMBER_OBJECT_CONVERSION = YES_AGGRESSIVE;
				CLANG_CXX_LANGUAGE_STANDARD = "gnu++14";
				CLANG_CXX_LIBRARY = "libc++";
				CLANG_ENABLE_MODULES = YES;
				CLANG_ENABLE_OBJC_ARC = YES;
				CLANG_WARN_BLOCK_CAPTURE_AUTORELEASING = YES;
				CLANG_WARN_BOOL_CONVERSION = YES;
				CLANG_WARN_COMMA = YES;
				CLANG_WARN_CONSTANT_CONVERSION = YES;
				CLANG_WARN_DIRECT_OBJC_ISA_USAGE = YES_ERROR;
				CLANG_WARN_DOCUMENTATION_COMMENTS = YES;
				CLANG_WARN_EMPTY_BODY = YES;
				CLANG_WARN_ENUM_CONVERSION = YES;
				CLANG_WARN_INFINITE_RECURSION = YES;
				CLANG_WARN_INT_CONVERSION = YES;
				CLANG_WARN_NON_LITERAL_NULL_CONVERSION = YES;
				CLANG_WARN_OBJC_LITERAL_CONVERSION = YES;
				CLANG_WARN_OBJC_ROOT_CLASS = YES_ERROR;
				CLANG_WARN_RANGE_LOOP_ANALYSIS = YES;
				CLANG_WARN_STRICT_PROTOTYPES = YES;
				CLANG_WARN_SUSPICIOUS_MOVE = YES;
				CLANG_WARN_UNGUARDED_AVAILABILITY = YES_AGGRESSIVE;
				CLANG_WARN_UNREACHABLE_CODE = YES;
				CLANG_WARN__DUPLICATE_METHOD_MATCH = YES;
				CODE_SIGN_IDENTITY = "Mac Developer";
				COPY_PHASE_STRIP = NO;
				DEBUG_INFORMATION_FORMAT = dwarf;
				ENABLE_STRICT_OBJC_MSGSEND = YES;
				ENABLE_TESTABILITY = YES;
				GCC_C_LANGUAGE_STANDARD = gnu11;
				GCC_DYNAMIC_NO_PIC = NO;
				GCC_NO_COMMON_BLOCKS = YES;
				GCC_OPTIMIZATION_LEVEL = 0;
				GCC_PREPROCESSOR_DEFINITIONS = (
					"DEBUG=1",
					"$(inherited)",
				);
				GCC_WARN_64_TO_32_BIT_CONVERSION = YES;
				GCC_WARN_ABOUT_RETURN_TYPE = YES_ERROR;
				GCC_WARN_UNDECLARED_SELECTOR = YES;
				GCC_WARN_UNINITIALIZED_AUTOS = YES_AGGRESSIVE;
				GCC_WARN_UNUSED_FUNCTION = YES;
				GCC_WARN_UNUSED_VARIABLE = YES;
				MACOSX_DEPLOYMENT_TARGET = 10.13;
				MTL_ENABLE_DEBUG_INFO = YES;
				ONLY_ACTIVE_ARCH = YES;
				SDKROOT = macosx;
			};
			name = Debug;
		};
		422F17CA201C6B6F00811946 /* Release */ = {
			isa = XCBuildConfiguration;
			buildSettings = {
				ALWAYS_SEARCH_USER_PATHS = NO;
				CLANG_ANALYZER_NONNULL = YES;
				CLANG_ANALYZER_NUMBER_OBJECT_CONVERSION = YES_AGGRESSIVE;
				CLANG_CXX_LANGUAGE_STANDARD = "gnu++14";
				CLANG_CXX_LIBRARY = "libc++";
				CLANG_ENABLE_MODULES = YES;
				CLANG_ENABLE_OBJC_ARC = YES;
				CLANG_WARN_BLOCK_CAPTURE_AUTORELEASING = YES;
				CLANG_WARN_BOOL_CONVERSION = YES;
				CLANG_WARN_COMMA = YES;
				CLANG_WARN_CONSTANT_CONVERSION = YES;
				CLANG_WARN_DIRECT_OBJC_ISA_USAGE = YES_ERROR;
				CLANG_WARN_DOCUMENTATION_COMMENTS = YES;
				CLANG_WARN_EMPTY_BODY = YES;
				CLANG_WARN_ENUM_CONVERSION = YES;
				CLANG_WARN_INFINITE_RECURSION = YES;
				CLANG_WARN_INT_CONVERSION = YES;
				CLANG_WARN_NON_LITERAL_NULL_CONVERSION = YES;
				CLANG_WARN_OBJC_LITERAL_CONVERSION = YES;
				CLANG_WARN_OBJC_ROOT_CLASS = YES_ERROR;
				CLANG_WARN_RANGE_LOOP_ANALYSIS = YES;
				CLANG_WARN_STRICT_PROTOTYPES = YES;
				CLANG_WARN_SUSPICIOUS_MOVE = YES;
				CLANG_WARN_UNGUARDED_AVAILABILITY = YES_AGGRESSIVE;
				CLANG_WARN_UNREACHABLE_CODE = YES;
				CLANG_WARN__DUPLICATE_METHOD_MATCH = YES;
				CODE_SIGN_IDENTITY = "Mac Developer";
				COPY_PHASE_STRIP = NO;
				DEBUG_INFORMATION_FORMAT = "dwarf-with-dsym";
				ENABLE_NS_ASSERTIONS = NO;
				ENABLE_STRICT_OBJC_MSGSEND = YES;
				GCC_C_LANGUAGE_STANDARD = gnu11;
				GCC_NO_COMMON_BLOCKS = YES;
				GCC_WARN_64_TO_32_BIT_CONVERSION = YES;
				GCC_WARN_ABOUT_RETURN_TYPE = YES_ERROR;
				GCC_WARN_UNDECLARED_SELECTOR = YES;
				GCC_WARN_UNINITIALIZED_AUTOS = YES_AGGRESSIVE;
				GCC_WARN_UNUSED_FUNCTION = YES;
				GCC_WARN_UNUSED_VARIABLE = YES;
				MACOSX_DEPLOYMENT_TARGET = 10.13;
				MTL_ENABLE_DEBUG_INFO = NO;
				SDKROOT = macosx;
			};
			name = Release;
		};
		422F17CC201C6B6F00811946 /* Debug */ = {
			isa = XCBuildConfiguration;
			buildSettings = {
				CODE_SIGN_STYLE = Automatic;
				DEVELOPMENT_TEAM = HLHREAEH5Q;
				PRODUCT_NAME = "$(TARGET_NAME)";
			};
			name = Debug;
		};
		422F17CD201C6B6F00811946 /* Release */ = {
			isa = XCBuildConfiguration;
			buildSettings = {
				CODE_SIGN_STYLE = Automatic;
				DEVELOPMENT_TEAM = HLHREAEH5Q;
				PRODUCT_NAME = "$(TARGET_NAME)";
			};
			name = Release;
		};
/* End XCBuildConfiguration section */

/* Begin XCConfigurationList section */
		422F17BF201C6B6F00811946 /* Build configuration list for PBXProject "Foundation Kit" */ = {
			isa = XCConfigurationList;
			buildConfigurations = (
				422F17C9201C6B6F00811946 /* Debug */,
				422F17CA201C6B6F00811946 /* Release */,
			);
			defaultConfigurationIsVisible = 0;
			defaultConfigurationName = Release;
		};
		422F17CB201C6B6F00811946 /* Build configuration list for PBXNativeTarget "Foundation Kit" */ = {
			isa = XCConfigurationList;
			buildConfigurations = (
				422F17CC201C6B6F00811946 /* Debug */,
				422F17CD201C6B6F00811946 /* Release */,
			);
			defaultConfigurationIsVisible = 0;
			defaultConfigurationName = Release;
		};
/* End XCConfigurationList section */
	};
	rootObject = 422F17BC201C6B6F00811946 /* Project object */;
}
